# This file is automatically @generated by Cargo.
# It is not intended for manual editing.
version = 3

[[package]]
name = "ioctl-rs"
version = "0.1.6"
source = "registry+https://github.com/rust-lang/crates.io-index"
checksum = "f7970510895cee30b3e9128319f2cefd4bde883a39f38baa279567ba3a7eb97d"
dependencies = [
 "libc",
]

[[package]]
name = "libc"
version = "0.2.139"
source = "registry+https://github.com/rust-lang/crates.io-index"
checksum = "201de327520df007757c1f0adce6e827fe8562fbc28bfd9c15571c66ca1f5f79"

[[package]]
name = "loempia"
version = "0.1.0"
dependencies = [
 "roxmltree",
 "serial-core",
 "serial-unix",
 "svg",
 "thiserror",
]

[[package]]
name = "proc-macro2"
version = "1.0.48"
source = "registry+https://github.com/rust-lang/crates.io-index"
checksum = "e9d89e5dba24725ae5678020bf8f1357a9aa7ff10736b551adbcd3f8d17d766f"
dependencies = [
 "unicode-ident",
]

[[package]]
name = "quote"
version = "1.0.22"
source = "registry+https://github.com/rust-lang/crates.io-index"
checksum = "556d0f47a940e895261e77dc200d5eadfc6ef644c179c6f5edfc105e3a2292c8"
dependencies = [
 "proc-macro2",
]

[[package]]
name = "roxmltree"
version = "0.17.0"
source = "registry+https://github.com/rust-lang/crates.io-index"
checksum = "461c9b944cd1481b793aeef26d1008b5d1fdeb00e01296cb4ff08aed511c7383"
dependencies = [
 "xmlparser",
]

[[package]]
name = "serial-core"
version = "0.4.0"
source = "registry+https://github.com/rust-lang/crates.io-index"
checksum = "3f46209b345401737ae2125fe5b19a77acce90cd53e1658cda928e4fe9a64581"
dependencies = [
 "libc",
]

[[package]]
name = "serial-unix"
version = "0.4.0"
source = "registry+https://github.com/rust-lang/crates.io-index"
checksum = "f03fbca4c9d866e24a459cbca71283f545a37f8e3e002ad8c70593871453cab7"
dependencies = [
 "ioctl-rs",
 "libc",
 "serial-core",
 "termios",
]

[[package]]
name = "svg"
version = "0.13.0"
source = "registry+https://github.com/rust-lang/crates.io-index"
checksum = "e715e0c3fc987f4c435dc7189641fd9caa6919a74675ace605c38e201d278001"

[[package]]
name = "syn"
version = "1.0.106"
source = "registry+https://github.com/rust-lang/crates.io-index"
checksum = "09ee3a69cd2c7e06684677e5629b3878b253af05e4714964204279c6bc02cf0b"
dependencies = [
 "proc-macro2",
 "quote",
 "unicode-ident",
]

[[package]]
name = "termios"
version = "0.2.2"
source = "registry+https://github.com/rust-lang/crates.io-index"
checksum = "d5d9cf598a6d7ce700a4e6a9199da127e6819a61e64b68609683cc9a01b5683a"
dependencies = [
 "libc",
]

[[package]]
name = "thiserror"
version = "1.0.38"
source = "registry+https://github.com/rust-lang/crates.io-index"
checksum = "6a9cd18aa97d5c45c6603caea1da6628790b37f7a34b6ca89522331c5180fed0"
dependencies = [
 "thiserror-impl",
]

[[package]]
name = "thiserror-impl"
version = "1.0.38"
source = "registry+https://github.com/rust-lang/crates.io-index"
checksum = "1fb327af4685e4d03fa8cbcf1716380da910eeb2bb8be417e7f9fd3fb164f36f"
dependencies = [
 "proc-macro2",
 "quote",
 "syn",
]

[[package]]
name = "unicode-ident"
version = "1.0.6"
source = "registry+https://github.com/rust-lang/crates.io-index"
checksum = "84a22b9f218b40614adcb3f4ff08b703773ad44fa9423e4e0d346d5db86e4ebc"

[[package]]
name = "xmlparser"
version = "0.13.5"
source = "registry+https://github.com/rust-lang/crates.io-index"
checksum = "4d25c75bf9ea12c4040a97f829154768bbbce366287e2dc044af160cd79a13fd"
